
Microsoft Visual Studio Solution File, Format Version 12.00
# Visual Studio Version 17
VisualStudioVersion = 17.0.31903.59
MinimumVisualStudioVersion = 10.0.40219.1
Project("{FAE04EC0-301F-11D3-BF4B-00C04F79EFBC}") = "VowelCount", "VowelCount\VowelCount.csproj", "{24D82832-AC1F-49F6-B4D5-837476BB4DE8}"
EndProject
Project("{FAE04EC0-301F-11D3-BF4B-00C04F79EFBC}") = "Test", "Test\Test.csproj", "{AEECB323-06C0-4993-8EE6-330F394BE7D9}"
EndProject
Global
	GlobalSection(SolutionConfigurationPlatforms) = preSolution
		Debug|Any CPU = Debug|Any CPU
		Release|Any CPU = Release|Any CPU
	EndGlobalSection
	GlobalSection(SolutionProperties) = preSolution
		HideSolutionNode = FALSE
	EndGlobalSection
	GlobalSection(ProjectConfigurationPlatforms) = postSolution
		{24D82832-AC1F-49F6-B4D5-837476BB4DE8}.Debug|Any CPU.ActiveCfg = Debug|Any CPU
		{24D82832-AC1F-49F6-B4D5-837476BB4DE8}.Debug|Any CPU.Build.0 = Debug|Any CPU
		{24D82832-AC1F-49F6-B4D5-837476BB4DE8}.Release|Any CPU.ActiveCfg = Release|Any CPU
		{24D82832-AC1F-49F6-B4D5-837476BB4DE8}.Release|Any CPU.Build.0 = Release|Any CPU
		{AEECB323-06C0-4993-8EE6-330F394BE7D9}.Debug|Any CPU.ActiveCfg = Debug|Any CPU
		{AEECB323-06C0-4993-8EE6-330F394BE7D9}.Debug|Any CPU.Build.0 = Debug|Any CPU
		{AEECB323-06C0-4993-8EE6-330F394BE7D9}.Release|Any CPU.ActiveCfg = Release|Any CPU
		{AEECB323-06C0-4993-8EE6-330F394BE7D9}.Release|Any CPU.Build.0 = Release|Any CPU
	EndGlobalSection
EndGlobal
